Microsoft Visual Studio Solution File, Format Version 12.00
# Visual Studio Version 17
VisualStudioVersion = 17.5.2.0
MinimumVisualStudioVersion = 10.0.40219.1
Project("{FAE04EC0-301F-11D3-BF4B-00C04F79EFBC}") = "NSEventHubSender", "NSEventHubSender.csproj", "{A0164ED3-903F-DED5-8394-4DFD6E0FCE84}"
EndProject
Global
	GlobalSection(SolutionConfigurationPlatforms) = preSolution
		Debug|Any CPU = Debug|Any CPU
		Release|Any CPU = Release|Any CPU
	EndGlobalSection
	GlobalSection(ProjectConfigurationPlatforms) = postSolution
		{A0164ED3-903F-DED5-8394-4DFD6E0FCE84}.Debug|Any CPU.ActiveCfg = Debug|Any CPU
		{A0164ED3-903F-DED5-8394-4DFD6E0FCE84}.Debug|Any CPU.Build.0 = Debug|Any CPU
		{A0164ED3-903F-DED5-8394-4DFD6E0FCE84}.Release|Any CPU.ActiveCfg = Release|Any CPU
		{A0164ED3-903F-DED5-8394-4DFD6E0FCE84}.Release|Any CPU.Build.0 = Release|Any CPU
	EndGlobalSection
	GlobalSection(SolutionProperties) = preSolution
		HideSolutionNode = FALSE
	EndGlobalSection
	GlobalSection(ExtensibilityGlobals) = postSolution
		SolutionGuid = {08321555-79D8-4E50-80EC-809AA60F0846}
	EndGlobalSection
EndGlobal
